
Microsoft Visual Studio Solution File, Format Version 12.00
# Visual Studio 15
VisualStudioVersion = 15.0.27703.2018
MinimumVisualStudioVersion = 10.0.40219.1
Project("{FAE04EC0-301F-11D3-BF4B-00C04F79EFBC}") = "ResourceChecker", "ResourceChecker\ResourceChecker.csproj", "{7421E387-412C-439A-8F0D-8D877AAFF0A8}"
EndProject
Project("{FAE04EC0-301F-11D3-BF4B-00C04F79EFBC}") = "ResourceChecker.UnitTests", "ResourceChecker.UnitTests\ResourceChecker.UnitTests.csproj", "{03403434-FC2B-4FB5-8AD0-BF5ED3B4234F}"
EndProject
Global
	GlobalSection(SolutionConfigurationPlatforms) = preSolution
		Debug|Any CPU = Debug|Any CPU
		Release|Any CPU = Release|Any CPU
	EndGlobalSection
	GlobalSection(ProjectConfigurationPlatforms) = postSolution
		{7421E387-412C-439A-8F0D-8D877AAFF0A8}.Debug|Any CPU.ActiveCfg = Debug|Any CPU
		{7421E387-412C-439A-8F0D-8D877AAFF0A8}.Debug|Any CPU.Build.0 = Debug|Any CPU
		{7421E387-412C-439A-8F0D-8D877AAFF0A8}.Release|Any CPU.ActiveCfg = Release|Any CPU
		{7421E387-412C-439A-8F0D-8D877AAFF0A8}.Release|Any CPU.Build.0 = Release|Any CPU
		{03403434-FC2B-4FB5-8AD0-BF5ED3B4234F}.Debug|Any CPU.ActiveCfg = Debug|Any CPU
		{03403434-FC2B-4FB5-8AD0-BF5ED3B4234F}.Debug|Any CPU.Build.0 = Debug|Any CPU
		{03403434-FC2B-4FB5-8AD0-BF5ED3B4234F}.Release|Any CPU.ActiveCfg = Release|Any CPU
		{03403434-FC2B-4FB5-8AD0-BF5ED3B4234F}.Release|Any CPU.Build.0 = Release|Any CPU
	EndGlobalSection
	GlobalSection(SolutionProperties) = preSolution
		HideSolutionNode = FALSE
	EndGlobalSection
	GlobalSection(ExtensibilityGlobals) = postSolution
		SolutionGuid = {60AC6FE4-0CDC-46E0-B068-F89A7EC00919}
	EndGlobalSection
EndGlobal
